
Microsoft Visual Studio Solution File, Format Version 12.00
# Visual Studio 15
VisualStudioVersion = 15.0.28307.705
MinimumVisualStudioVersion = 10.0.40219.1
Project("{FAE04EC0-301F-11D3-BF4B-00C04F79EFBC}") = "XTSAPI", "XTSAPI\XTSAPI.csproj", "{0892706F-6DA0-41BA-B854-4AE718FE2EC8}"
EndProject
Project("{FAE04EC0-301F-11D3-BF4B-00C04F79EFBC}") = "TestApp", "TestApp\TestApp.csproj", "{7A6EE5A9-B187-4078-89DD-97C852CC684E}"
EndProject
Project("{FAE04EC0-301F-11D3-BF4B-00C04F79EFBC}") = "XTSSampleApp", "XTSSampleApp\XTSSampleApp.csproj", "{2E19639A-D5F3-4366-A4F9-4CD5ED041D53}"
EndProject
Global
	GlobalSection(SolutionConfigurationPlatforms) = preSolution
		Debug|Any CPU = Debug|Any CPU
		Release|Any CPU = Release|Any CPU
	EndGlobalSection
	GlobalSection(ProjectConfigurationPlatforms) = postSolution
		{0892706F-6DA0-41BA-B854-4AE718FE2EC8}.Debug|Any CPU.ActiveCfg = Debug|Any CPU
		{0892706F-6DA0-41BA-B854-4AE718FE2EC8}.Debug|Any CPU.Build.0 = Debug|Any CPU
		{0892706F-6DA0-41BA-B854-4AE718FE2EC8}.Release|Any CPU.ActiveCfg = Release|Any CPU
		{0892706F-6DA0-41BA-B854-4AE718FE2EC8}.Release|Any CPU.Build.0 = Release|Any CPU
		{7A6EE5A9-B187-4078-89DD-97C852CC684E}.Debug|Any CPU.ActiveCfg = Debug|Any CPU
		{7A6EE5A9-B187-4078-89DD-97C852CC684E}.Debug|Any CPU.Build.0 = Debug|Any CPU
		{7A6EE5A9-B187-4078-89DD-97C852CC684E}.Release|Any CPU.ActiveCfg = Release|Any CPU
		{7A6EE5A9-B187-4078-89DD-97C852CC684E}.Release|Any CPU.Build.0 = Release|Any CPU
		{2E19639A-D5F3-4366-A4F9-4CD5ED041D53}.Debug|Any CPU.ActiveCfg = Debug|Any CPU
		{2E19639A-D5F3-4366-A4F9-4CD5ED041D53}.Debug|Any CPU.Build.0 = Debug|Any CPU
		{2E19639A-D5F3-4366-A4F9-4CD5ED041D53}.Release|Any CPU.ActiveCfg = Release|Any CPU
		{2E19639A-D5F3-4366-A4F9-4CD5ED041D53}.Release|Any CPU.Build.0 = Release|Any CPU
	EndGlobalSection
	GlobalSection(SolutionProperties) = preSolution
		HideSolutionNode = FALSE
	EndGlobalSection
	GlobalSection(ExtensibilityGlobals) = postSolution
		SolutionGuid = {CF29A72F-4F1F-49B7-95AF-660DD9556C0A}
	EndGlobalSection
EndGlobal
